github.com/PlayerR9/go-commons v0.1.1 h1:j1P6WyUXz3uFvYrDg1Jep3psnRfuwc12pmRKXjpXMKM=
github.com/PlayerR9/go-commons v0.1.1/go.mod h1:3DEOPnnd4cBE4eZizrLvH0nQ8mx4tgR7RDByKfqQDQo=
golang.org/x/exp v0.0.0-20240719175910-8a7402abbf56 h1:2dVuKD2vS7b0QIHQbpyTISPd0LeHDbnYEryqj5Q1ug8=
golang.org/x/exp v0.0.0-20240719175910-8a7402abbf56/go.mod h1:M4RDyNAINzryxdtnbRXRL/OHtkFuWGRjvuhBJpk2IlY=
